lockfileVersion: '9.0'

settings:
  autoInstallPeers: true
  excludeLinksFromLockfile: false

importers:

  .:
    dependencies:
      papaparse:
        specifier: ^5.5.1
        version: 5.5.1

packages:

  papaparse@5.5.1:
    resolution: {integrity: sha512-EuEKUhyxrHVozD7g3/ztsJn6qaKse8RPfR6buNB2dMJvdtXNhcw8jccVi/LxNEY3HVrV6GO6Z4OoeCG9Iy9wpA==}

snapshots:

  papaparse@5.5.1: {}
